
Microsoft Visual Studio Solution File, Format Version 12.00
# Visual Studio Version 17
VisualStudioVersion = 17.0.31903.59
MinimumVisualStudioVersion = 10.0.40219.1
Project("{FAE04EC0-301F-11D3-BF4B-00C04F79EFBC}") = "financial-chat", "financial-chat.csproj", "{3EFF502A-29D2-488B-AACF-A438FACAE871}"
EndProject
Global
	GlobalSection(SolutionConfigurationPlatforms) = preSolution
		Debug|Any CPU = Debug|Any CPU
		Release|Any CPU = Release|Any CPU
	EndGlobalSection
	GlobalSection(ProjectConfigurationPlatforms) = postSolution
		{3EFF502A-29D2-488B-AACF-A438FACAE871}.Debug|Any CPU.ActiveCfg = Debug|Any CPU
		{3EFF502A-29D2-488B-AACF-A438FACAE871}.Debug|Any CPU.Build.0 = Debug|Any CPU
		{3EFF502A-29D2-488B-AACF-A438FACAE871}.Release|Any CPU.ActiveCfg = Release|Any CPU
		{3EFF502A-29D2-488B-AACF-A438FACAE871}.Release|Any CPU.Build.0 = Release|Any CPU
	EndGlobalSection
	GlobalSection(SolutionProperties) = preSolution
		HideSolutionNode = FALSE
	EndGlobalSection
	GlobalSection(ExtensibilityGlobals) = postSolution
		SolutionGuid = {2ED2CF08-6AB7-452F-9320-D06A4EA270A5}
	EndGlobalSection
EndGlobal
